
Microsoft Visual Studio Solution File, Format Version 12.00
# Visual Studio Version 16
VisualStudioVersion = 16.0.31727.386
MinimumVisualStudioVersion = 10.0.40219.1
Project("{9A19103F-16F7-4668-BE54-9A1E7A4F7556}") = "NPM General App", "NPM General App\NPM General App.csproj", "{BE1A902B-5742-4579-8806-E0D389DC7F2A}"
EndProject
Global
	GlobalSection(SolutionConfigurationPlatforms) = preSolution
		Debug|Any CPU = Debug|Any CPU
		Release|Any CPU = Release|Any CPU
	EndGlobalSection
	GlobalSection(ProjectConfigurationPlatforms) = postSolution
		{BE1A902B-5742-4579-8806-E0D389DC7F2A}.Debug|Any CPU.ActiveCfg = Debug|Any CPU
		{BE1A902B-5742-4579-8806-E0D389DC7F2A}.Debug|Any CPU.Build.0 = Debug|Any CPU
		{BE1A902B-5742-4579-8806-E0D389DC7F2A}.Release|Any CPU.ActiveCfg = Release|Any CPU
		{BE1A902B-5742-4579-8806-E0D389DC7F2A}.Release|Any CPU.Build.0 = Release|Any CPU
	EndGlobalSection
	GlobalSection(SolutionProperties) = preSolution
		HideSolutionNode = FALSE
	EndGlobalSection
	GlobalSection(ExtensibilityGlobals) = postSolution
		SolutionGuid = {A36A9B0B-37E0-4C4F-8FB7-E6CE8F900613}
	EndGlobalSection
EndGlobal
