
Microsoft Visual Studio Solution File, Format Version 12.00
# Visual Studio Version 16
VisualStudioVersion = 16.0.31911.196
MinimumVisualStudioVersion = 10.0.40219.1
Project("{FAE04EC0-301F-11D3-BF4B-00C04F79EFBC}") = "HardRebootQIY", "HardRebootQIY\HardRebootQIY.csproj", "{D65B8471-2E5F-4FAA-979C-5B1CCB491F10}"
EndProject
Global
	GlobalSection(SolutionConfigurationPlatforms) = preSolution
		Debug|Any CPU = Debug|Any CPU
		Release|Any CPU = Release|Any CPU
	EndGlobalSection
	GlobalSection(ProjectConfigurationPlatforms) = postSolution
		{D65B8471-2E5F-4FAA-979C-5B1CCB491F10}.Debug|Any CPU.ActiveCfg = Debug|Any CPU
		{D65B8471-2E5F-4FAA-979C-5B1CCB491F10}.Debug|Any CPU.Build.0 = Debug|Any CPU
		{D65B8471-2E5F-4FAA-979C-5B1CCB491F10}.Release|Any CPU.ActiveCfg = Release|Any CPU
		{D65B8471-2E5F-4FAA-979C-5B1CCB491F10}.Release|Any CPU.Build.0 = Release|Any CPU
	EndGlobalSection
	GlobalSection(SolutionProperties) = preSolution
		HideSolutionNode = FALSE
	EndGlobalSection
	GlobalSection(ExtensibilityGlobals) = postSolution
		SolutionGuid = {E01D11D5-1A3F-4978-9052-030FBB0585F0}
	EndGlobalSection
EndGlobal
