
Microsoft Visual Studio Solution File, Format Version 12.00
# Visual Studio Version 16
VisualStudioVersion = 16.0.31613.86
MinimumVisualStudioVersion = 10.0.40219.1
Project("{FAE04EC0-301F-11D3-BF4B-00C04F79EFBC}") = "NestData", "NestData\NestData.csproj", "{551ABF77-E44C-4D4A-85CD-8DE66B8D1858}"
EndProject
Global
	GlobalSection(SolutionConfigurationPlatforms) = preSolution
		Debug|Any CPU = Debug|Any CPU
		Release|Any CPU = Release|Any CPU
	EndGlobalSection
	GlobalSection(ProjectConfigurationPlatforms) = postSolution
		{551ABF77-E44C-4D4A-85CD-8DE66B8D1858}.Debug|Any CPU.ActiveCfg = Debug|Any CPU
		{551ABF77-E44C-4D4A-85CD-8DE66B8D1858}.Debug|Any CPU.Build.0 = Debug|Any CPU
		{551ABF77-E44C-4D4A-85CD-8DE66B8D1858}.Release|Any CPU.ActiveCfg = Release|Any CPU
		{551ABF77-E44C-4D4A-85CD-8DE66B8D1858}.Release|Any CPU.Build.0 = Release|Any CPU
	EndGlobalSection
	GlobalSection(SolutionProperties) = preSolution
		HideSolutionNode = FALSE
	EndGlobalSection
	GlobalSection(ExtensibilityGlobals) = postSolution
		SolutionGuid = {D804A9CD-2D5E-4913-9B1A-78FA01DDB643}
	EndGlobalSection
EndGlobal
